
Microsoft Visual Studio Solution File, Format Version 11.00
# Visual Studio 2010
Project("{2150E333-8FDC-42A3-9474-1A3956D46DE8}") = "01. Fx", "01. Fx", "{D564F7FF-B6BC-4460-8BCE-877F7EE042D3}"
EndProject
Project("{2150E333-8FDC-42A3-9474-1A3956D46DE8}") = "02. TS.Dac", "02. TS.Dac", "{A8612E1B-A28F-48B5-AB1F-D875708CC07B}"
EndProject
Project("{2150E333-8FDC-42A3-9474-1A3956D46DE8}") = "03. TS.Biz", "03. TS.Biz", "{BB58F6F9-0FF2-43EC-BFE2-539831937703}"
EndProject
Project("{2150E333-8FDC-42A3-9474-1A3956D46DE8}") = "91. TS.Test", "91. TS.Test", "{3D5DB227-F8A0-48FA-A427-A37FBBF88C9B}"
EndProject
Project("{FAE04EC0-301F-11D3-BF4B-00C04F79EFBC}") = "TS.Test", "91. TS.Test\TS.Test.csproj", "{5552ED34-F606-4CD4-A025-0D545DDD941C}"
EndProject
Project("{FAE04EC0-301F-11D3-BF4B-00C04F79EFBC}") = "TS.Fx", "01. Fx\TS.Fx\TS.Fx.csproj", "{0E69321A-6AAD-4E28-BB92-B691A48468E3}"
EndProject
Project("{FAE04EC0-301F-11D3-BF4B-00C04F79EFBC}") = "TS.Fx.IBatisNet", "01. Fx\TS.Fx.IBatisNet\TS.Fx.IBatisNet.csproj", "{F4392026-170F-4EEF-9C22-EF680CAD39E1}"
EndProject
Project("{FAE04EC0-301F-11D3-BF4B-00C04F79EFBC}") = "TS.Dac", "02. TS.Dac\TS.Common.Dac\TS.Dac.csproj", "{A1C4B49B-2570-4C5A-8AA7-AC8EC5EB4401}"
EndProject
Project("{FAE04EC0-301F-11D3-BF4B-00C04F79EFBC}") = "TS.Biz", "03. TS.Biz\TS.Common.Biz\TS.Biz.csproj", "{D50475DD-99D9-4E4D-A627-5F3CA6542F47}"
EndProject
Project("{2150E333-8FDC-42A3-9474-1A3956D46DE8}") = "92.TS.DevExpress.Test", "92.TS.DevExpress.Test", "{92F994E3-F9F8-4D82-A30B-F6AE22DC5F2C}"
EndProject
Project("{FAE04EC0-301F-11D3-BF4B-00C04F79EFBC}") = "TS.Dev.Test2", "TS.Dev.Test2\TS.Dev.Test2.csproj", "{042F34C5-AD98-417C-9D1B-BC9E6CDF2532}"
EndProject
Project("{2150E333-8FDC-42A3-9474-1A3956D46DE8}") = "00. Lib", "00. Lib", "{835E2F20-1581-427D-9E96-A91E523E161B}"
EndProject
Project("{FAE04EC0-301F-11D3-BF4B-00C04F79EFBC}") = "IBatisNet.Common.2010", "00. Lib\IBatisNet\IBatisNet.Common\IBatisNet.Common.2010.csproj", "{BBC8DA4A-EA88-41D9-8B93-929B8F3ADADE}"
EndProject
Project("{FAE04EC0-301F-11D3-BF4B-00C04F79EFBC}") = "IBatisNet.DataMapper.2010", "00. Lib\IBatisNet\IBatisNet.DataMapper\IBatisNet.DataMapper.2010.csproj", "{F3E45F39-3224-4EAD-B138-EB5CC0E32824}"
EndProject
Global
	GlobalSection(SolutionConfigurationPlatforms) = preSolution
		Debug|Any CPU = Debug|Any CPU
		Debug|x86 = Debug|x86
		EasyTest|Any CPU = EasyTest|Any CPU
		EasyTest|x86 = EasyTest|x86
		Release|Any CPU = Release|Any CPU
		Release|x86 = Release|x86
	EndGlobalSection
	GlobalSection(ProjectConfigurationPlatforms) = postSolution
		{5552ED34-F606-4CD4-A025-0D545DDD941C}.Debug|Any CPU.ActiveCfg = Debug|x86
		{5552ED34-F606-4CD4-A025-0D545DDD941C}.Debug|Any CPU.Build.0 = Debug|x86
		{5552ED34-F606-4CD4-A025-0D545DDD941C}.Debug|x86.ActiveCfg = Debug|x86
		{5552ED34-F606-4CD4-A025-0D545DDD941C}.Debug|x86.Build.0 = Debug|x86
		{5552ED34-F606-4CD4-A025-0D545DDD941C}.EasyTest|Any CPU.ActiveCfg = Release|Any CPU
		{5552ED34-F606-4CD4-A025-0D545DDD941C}.EasyTest|Any CPU.Build.0 = Release|Any CPU
		{5552ED34-F606-4CD4-A025-0D545DDD941C}.EasyTest|x86.ActiveCfg = Release|Any CPU
		{5552ED34-F606-4CD4-A025-0D545DDD941C}.Release|Any CPU.ActiveCfg = Release|Any CPU
		{5552ED34-F606-4CD4-A025-0D545DDD941C}.Release|Any CPU.Build.0 = Release|Any CPU
		{5552ED34-F606-4CD4-A025-0D545DDD941C}.Release|x86.ActiveCfg = Release|x86
		{5552ED34-F606-4CD4-A025-0D545DDD941C}.Release|x86.Build.0 = Release|x86
		{0E69321A-6AAD-4E28-BB92-B691A48468E3}.Debug|Any CPU.ActiveCfg = Debug|x86
		{0E69321A-6AAD-4E28-BB92-B691A48468E3}.Debug|Any CPU.Build.0 = Debug|x86
		{0E69321A-6AAD-4E28-BB92-B691A48468E3}.Debug|x86.ActiveCfg = Debug|x86
		{0E69321A-6AAD-4E28-BB92-B691A48468E3}.Debug|x86.Build.0 = Debug|x86
		{0E69321A-6AAD-4E28-BB92-B691A48468E3}.EasyTest|Any CPU.ActiveCfg = Release|x86
		{0E69321A-6AAD-4E28-BB92-B691A48468E3}.EasyTest|Any CPU.Build.0 = Release|x86
		{0E69321A-6AAD-4E28-BB92-B691A48468E3}.EasyTest|x86.ActiveCfg = Release|x86
		{0E69321A-6AAD-4E28-BB92-B691A48468E3}.EasyTest|x86.Build.0 = Release|x86
		{0E69321A-6AAD-4E28-BB92-B691A48468E3}.Release|Any CPU.ActiveCfg = Release|Any CPU
		{0E69321A-6AAD-4E28-BB92-B691A48468E3}.Release|Any CPU.Build.0 = Release|Any CPU
		{0E69321A-6AAD-4E28-BB92-B691A48468E3}.Release|x86.ActiveCfg = Release|x86
		{0E69321A-6AAD-4E28-BB92-B691A48468E3}.Release|x86.Build.0 = Release|x86
		{F4392026-170F-4EEF-9C22-EF680CAD39E1}.Debug|Any CPU.ActiveCfg = Debug|x86
		{F4392026-170F-4EEF-9C22-EF680CAD39E1}.Debug|Any CPU.Build.0 = Debug|x86
		{F4392026-170F-4EEF-9C22-EF680CAD39E1}.Debug|x86.ActiveCfg = Debug|x86
		{F4392026-170F-4EEF-9C22-EF680CAD39E1}.Debug|x86.Build.0 = Debug|x86
		{F4392026-170F-4EEF-9C22-EF680CAD39E1}.EasyTest|Any CPU.ActiveCfg = Release|x86
		{F4392026-170F-4EEF-9C22-EF680CAD39E1}.EasyTest|Any CPU.Build.0 = Release|x86
		{F4392026-170F-4EEF-9C22-EF680CAD39E1}.EasyTest|x86.ActiveCfg = Release|x86
		{F4392026-170F-4EEF-9C22-EF680CAD39E1}.EasyTest|x86.Build.0 = Release|x86
		{F4392026-170F-4EEF-9C22-EF680CAD39E1}.Release|Any CPU.ActiveCfg = Release|Any CPU
		{F4392026-170F-4EEF-9C22-EF680CAD39E1}.Release|Any CPU.Build.0 = Release|Any CPU
		{F4392026-170F-4EEF-9C22-EF680CAD39E1}.Release|x86.ActiveCfg = Release|x86
		{F4392026-170F-4EEF-9C22-EF680CAD39E1}.Release|x86.Build.0 = Release|x86
		{A1C4B49B-2570-4C5A-8AA7-AC8EC5EB4401}.Debug|Any CPU.ActiveCfg = Debug|x86
		{A1C4B49B-2570-4C5A-8AA7-AC8EC5EB4401}.Debug|Any CPU.Build.0 = Debug|x86
		{A1C4B49B-2570-4C5A-8AA7-AC8EC5EB4401}.Debug|x86.ActiveCfg = Debug|x86
		{A1C4B49B-2570-4C5A-8AA7-AC8EC5EB4401}.Debug|x86.Build.0 = Debug|x86
		{A1C4B49B-2570-4C5A-8AA7-AC8EC5EB4401}.EasyTest|Any CPU.ActiveCfg = Release|x86
		{A1C4B49B-2570-4C5A-8AA7-AC8EC5EB4401}.EasyTest|Any CPU.Build.0 = Release|x86
		{A1C4B49B-2570-4C5A-8AA7-AC8EC5EB4401}.EasyTest|x86.ActiveCfg = Release|x86
		{A1C4B49B-2570-4C5A-8AA7-AC8EC5EB4401}.EasyTest|x86.Build.0 = Release|x86
		{A1C4B49B-2570-4C5A-8AA7-AC8EC5EB4401}.Release|Any CPU.ActiveCfg = Release|Any CPU
		{A1C4B49B-2570-4C5A-8AA7-AC8EC5EB4401}.Release|Any CPU.Build.0 = Release|Any CPU
		{A1C4B49B-2570-4C5A-8AA7-AC8EC5EB4401}.Release|x86.ActiveCfg = Release|x86
		{A1C4B49B-2570-4C5A-8AA7-AC8EC5EB4401}.Release|x86.Build.0 = Release|x86
		{D50475DD-99D9-4E4D-A627-5F3CA6542F47}.Debug|Any CPU.ActiveCfg = Debug|x86
		{D50475DD-99D9-4E4D-A627-5F3CA6542F47}.Debug|Any CPU.Build.0 = Debug|x86
		{D50475DD-99D9-4E4D-A627-5F3CA6542F47}.Debug|x86.ActiveCfg = Debug|x86
		{D50475DD-99D9-4E4D-A627-5F3CA6542F47}.Debug|x86.Build.0 = Debug|x86
		{D50475DD-99D9-4E4D-A627-5F3CA6542F47}.EasyTest|Any CPU.ActiveCfg = Release|x86
		{D50475DD-99D9-4E4D-A627-5F3CA6542F47}.EasyTest|Any CPU.Build.0 = Release|x86
		{D50475DD-99D9-4E4D-A627-5F3CA6542F47}.EasyTest|x86.ActiveCfg = Release|x86
		{D50475DD-99D9-4E4D-A627-5F3CA6542F47}.EasyTest|x86.Build.0 = Release|x86
		{D50475DD-99D9-4E4D-A627-5F3CA6542F47}.Release|Any CPU.ActiveCfg = Release|Any CPU
		{D50475DD-99D9-4E4D-A627-5F3CA6542F47}.Release|Any CPU.Build.0 = Release|Any CPU
		{D50475DD-99D9-4E4D-A627-5F3CA6542F47}.Release|x86.ActiveCfg = Release|x86
		{D50475DD-99D9-4E4D-A627-5F3CA6542F47}.Release|x86.Build.0 = Release|x86
		{042F34C5-AD98-417C-9D1B-BC9E6CDF2532}.Debug|Any CPU.ActiveCfg = Debug|x86
		{042F34C5-AD98-417C-9D1B-BC9E6CDF2532}.Debug|Any CPU.Build.0 = Debug|x86
		{042F34C5-AD98-417C-9D1B-BC9E6CDF2532}.Debug|x86.ActiveCfg = Debug|Any CPU
		{042F34C5-AD98-417C-9D1B-BC9E6CDF2532}.EasyTest|Any CPU.ActiveCfg = Release|Any CPU
		{042F34C5-AD98-417C-9D1B-BC9E6CDF2532}.EasyTest|Any CPU.Build.0 = Release|Any CPU
		{042F34C5-AD98-417C-9D1B-BC9E6CDF2532}.EasyTest|x86.ActiveCfg = Release|Any CPU
		{042F34C5-AD98-417C-9D1B-BC9E6CDF2532}.Release|Any CPU.ActiveCfg = Release|Any CPU
		{042F34C5-AD98-417C-9D1B-BC9E6CDF2532}.Release|Any CPU.Build.0 = Release|Any CPU
		{042F34C5-AD98-417C-9D1B-BC9E6CDF2532}.Release|x86.ActiveCfg = Release|Any CPU
		{BBC8DA4A-EA88-41D9-8B93-929B8F3ADADE}.Debug|Any CPU.ActiveCfg = Debug|x86
		{BBC8DA4A-EA88-41D9-8B93-929B8F3ADADE}.Debug|Any CPU.Build.0 = Debug|x86
		{BBC8DA4A-EA88-41D9-8B93-929B8F3ADADE}.Debug|x86.ActiveCfg = Debug|Any CPU
		{BBC8DA4A-EA88-41D9-8B93-929B8F3ADADE}.EasyTest|Any CPU.ActiveCfg = Release|Any CPU
		{BBC8DA4A-EA88-41D9-8B93-929B8F3ADADE}.EasyTest|Any CPU.Build.0 = Release|Any CPU
		{BBC8DA4A-EA88-41D9-8B93-929B8F3ADADE}.EasyTest|x86.ActiveCfg = Release|Any CPU
		{BBC8DA4A-EA88-41D9-8B93-929B8F3ADADE}.Release|Any CPU.ActiveCfg = Release|Any CPU
		{BBC8DA4A-EA88-41D9-8B93-929B8F3ADADE}.Release|Any CPU.Build.0 = Release|Any CPU
		{BBC8DA4A-EA88-41D9-8B93-929B8F3ADADE}.Release|x86.ActiveCfg = Release|Any CPU
		{F3E45F39-3224-4EAD-B138-EB5CC0E32824}.Debug|Any CPU.ActiveCfg = Debug|x86
		{F3E45F39-3224-4EAD-B138-EB5CC0E32824}.Debug|Any CPU.Build.0 = Debug|x86
		{F3E45F39-3224-4EAD-B138-EB5CC0E32824}.Debug|x86.ActiveCfg = Debug|Any CPU
		{F3E45F39-3224-4EAD-B138-EB5CC0E32824}.EasyTest|Any CPU.ActiveCfg = Release|Any CPU
		{F3E45F39-3224-4EAD-B138-EB5CC0E32824}.EasyTest|Any CPU.Build.0 = Release|Any CPU
		{F3E45F39-3224-4EAD-B138-EB5CC0E32824}.EasyTest|x86.ActiveCfg = Release|Any CPU
		{F3E45F39-3224-4EAD-B138-EB5CC0E32824}.Release|Any CPU.ActiveCfg = Release|Any CPU
		{F3E45F39-3224-4EAD-B138-EB5CC0E32824}.Release|Any CPU.Build.0 = Release|Any CPU
		{F3E45F39-3224-4EAD-B138-EB5CC0E32824}.Release|x86.ActiveCfg = Release|Any CPU
	EndGlobalSection
	GlobalSection(SolutionProperties) = preSolution
		HideSolutionNode = FALSE
	EndGlobalSection
	GlobalSection(NestedProjects) = preSolution
		{0E69321A-6AAD-4E28-BB92-B691A48468E3} = {D564F7FF-B6BC-4460-8BCE-877F7EE042D3}
		{F4392026-170F-4EEF-9C22-EF680CAD39E1} = {D564F7FF-B6BC-4460-8BCE-877F7EE042D3}
		{A1C4B49B-2570-4C5A-8AA7-AC8EC5EB4401} = {A8612E1B-A28F-48B5-AB1F-D875708CC07B}
		{D50475DD-99D9-4E4D-A627-5F3CA6542F47} = {BB58F6F9-0FF2-43EC-BFE2-539831937703}
		{5552ED34-F606-4CD4-A025-0D545DDD941C} = {3D5DB227-F8A0-48FA-A427-A37FBBF88C9B}
		{042F34C5-AD98-417C-9D1B-BC9E6CDF2532} = {92F994E3-F9F8-4D82-A30B-F6AE22DC5F2C}
		{BBC8DA4A-EA88-41D9-8B93-929B8F3ADADE} = {835E2F20-1581-427D-9E96-A91E523E161B}
		{F3E45F39-3224-4EAD-B138-EB5CC0E32824} = {835E2F20-1581-427D-9E96-A91E523E161B}
	EndGlobalSection
EndGlobal
